// !$*UTF8*$!
{
	archiveVersion = 1;
	classes = {
	};
	objectVersion = 46;
	objects = {

/* Begin PBXBuildFile section */
		40A14D901B0745A5006FCDB7 /* AppDelegate.swift in Sources */ = {isa = PBXBuildFile; fileRef = 40A14D8F1B0745A5006FCDB7 /* AppDelegate.swift */; };
		40A14D921B0745A5006FCDB7 /* Images.xcassets in Resources */ = {isa = PBXBuildFile; fileRef = 40A14D911B0745A5006FCDB7 /* Images.xcassets */; };
		40A14D951B0745A5006FCDB7 /* MainMenu.xib in Resources */ = {isa = PBXBuildFile; fileRef = 40A14D931B0745A5006FCDB7 /* MainMenu.xib */; };
		40A14DA11B0745A5006FCDB7 /* GlossyClockTests.swift in Sources */ = {isa = PBXBuildFile; fileRef = 40A14DA01B0745A5006FCDB7 /* GlossyClockTests.swift */; };
		40A14DAB1B07473A006FCDB7 /* ClockWindow.swift in Sources */ = {isa = PBXBuildFile; fileRef = 40A14DAA1B07473A006FCDB7 /* ClockWindow.swift */; };
		40A14DAE1B0747E2006FCDB7 /* ClockView.swift in Sources */ = {isa = PBXBuildFile; fileRef = 40A14DAD1B0747E2006FCDB7 /* ClockView.swift */; };
		40A14DB01B074B00006FCDB7 /* ClockTimer.swift in Sources */ = {isa = PBXBuildFile; fileRef = 40A14DAF1B074B00006FCDB7 /* ClockTimer.swift */; };
/* End PBXBuildFile section */

/* Begin PBXContainerItemProxy section */
		40A14D9B1B0745A5006FCDB7 /* PBXContainerItemProxy */ = {
			isa = PBXContainerItemProxy;
			containerPortal = 40A14D821B0745A5006FCDB7 /* Project object */;
			proxyType = 1;
			remoteGlobalIDString = 40A14D891B0745A5006FCDB7;
			remoteInfo = GlossyClock;
		};
/* End PBXContainerItemProxy section */

/* Begin PBXCopyFilesBuildPhase section */
		40A14DBA1B075816006FCDB7 /* Embed Frameworks */ = {
			isa = PBXCopyFilesBuildPhase;
			buildActionMask = 2147483647;
			dstPath = "";
			dstSubfolderSpec = 10;
			files = (
			);
			name = "Embed Frameworks";
			runOnlyForDeploymentPostprocessing = 0;
		};
/* End PBXCopyFilesBuildPhase section */

/* Begin PBXFileReference section */
		40A14D8A1B0745A5006FCDB7 /* GlossyClock.app */ = {isa = PBXFileReference; explicitFileType = wrapper.application; includeInIndex = 0; path = GlossyClock.app; sourceTree = BUILT_PRODUCTS_DIR; };
		40A14D8E1B0745A5006FCDB7 /* Info.plist */ = {isa = PBXFileReference; lastKnownFileType = text.plist.xml; path = Info.plist; sourceTree = "<group>"; };
		40A14D8F1B0745A5006FCDB7 /* AppDelegate.swift */ = {isa = PBXFileReference; lastKnownFileType = sourcecode.swift; path = AppDelegate.swift; sourceTree = "<group>"; };
		40A14D911B0745A5006FCDB7 /* Images.xcassets */ = {isa = PBXFileReference; lastKnownFileType = folder.assetcatalog; path = Images.xcassets; sourceTree = "<group>"; };
		40A14D941B0745A5006FCDB7 /* Base */ = {isa = PBXFileReference; lastKnownFileType = file.xib; name = Base; path = Base.lproj/MainMenu.xib; sourceTree = "<group>"; };
		40A14D9A1B0745A5006FCDB7 /* GlossyClockTests.xctest */ = {isa = PBXFileReference; explicitFileType = wrapper.cfbundle; includeInIndex = 0; path = GlossyClockTests.xctest; sourceTree = BUILT_PRODUCTS_DIR; };
		40A14D9F1B0745A5006FCDB7 /* Info.plist */ = {isa = PBXFileReference; lastKnownFileType = text.plist.xml; path = Info.plist; sourceTree = "<group>"; };
		40A14DA01B0745A5006FCDB7 /* GlossyClockTests.swift */ = {isa = PBXFileReference; lastKnownFileType = sourcecode.swift; path = GlossyClockTests.swift; sourceTree = "<group>"; };
		40A14DAA1B07473A006FCDB7 /* ClockWindow.swift */ = {isa = PBXFileReference; fileEncoding = 4; lastKnownFileType = sourcecode.swift; path = ClockWindow.swift; sourceTree = "<group>"; };
		40A14DAD1B0747E2006FCDB7 /* ClockView.swift */ = {isa = PBXFileReference; fileEncoding = 4; lastKnownFileType = sourcecode.swift; path = ClockView.swift; sourceTree = "<group>"; };
		40A14DAF1B074B00006FCDB7 /* ClockTimer.swift */ = {isa = PBXFileReference; fileEncoding = 4; lastKnownFileType = sourcecode.swift; path = ClockTimer.swift; sourceTree = "<group>"; };
/* End PBXFileReference section */

/* Begin PBXFrameworksBuildPhase section */
		40A14D871B0745A5006FCDB7 /* Frameworks */ = {
			isa = PBXFrameworksBuildPhase;
			buildActionMask = 2147483647;
			files = (
			);
			runOnlyForDeploymentPostprocessing = 0;
		};
		40A14D971B0745A5006FCDB7 /* Frameworks */ = {
			isa = PBXFrameworksBuildPhase;
			buildActionMask = 2147483647;
			files = (
			);
			runOnlyForDeploymentPostprocessing = 0;
		};
/* End PBXFrameworksBuildPhase section */

/* Begin PBXGroup section */
		40A14D811B0745A5006FCDB7 = {
			isa = PBXGroup;
			children = (
				40A14D8C1B0745A5006FCDB7 /* GlossyClock */,
				40A14D9D1B0745A5006FCDB7 /* GlossyClockTests */,
				40A14D8B1B0745A5006FCDB7 /* Products */,
			);
			sourceTree = "<group>";
		};
		40A14D8B1B0745A5006FCDB7 /* Products */ = {
			isa = PBXGroup;
			children = (
				40A14D8A1B0745A5006FCDB7 /* GlossyClock.app */,
				40A14D9A1B0745A5006FCDB7 /* GlossyClockTests.xctest */,
			);
			name = Products;
			sourceTree = "<group>";
		};
		40A14D8C1B0745A5006FCDB7 /* GlossyClock */ = {
			isa = PBXGroup;
			children = (
				40A14D8F1B0745A5006FCDB7 /* AppDelegate.swift */,
				40A14DAF1B074B00006FCDB7 /* ClockTimer.swift */,
				40A14DAD1B0747E2006FCDB7 /* ClockView.swift */,
				40A14DAA1B07473A006FCDB7 /* ClockWindow.swift */,
				40A14D8D1B0745A5006FCDB7 /* Supporting Files */,
				40A14DAC1B07475D006FCDB7 /* Resources */,
			);
			path = GlossyClock;
			sourceTree = "<group>";
		};
		40A14D8D1B0745A5006FCDB7 /* Supporting Files */ = {
			isa = PBXGroup;
			children = (
				40A14D8E1B0745A5006FCDB7 /* Info.plist */,
			);
			name = "Supporting Files";
			sourceTree = "<group>";
		};
		40A14D9D1B0745A5006FCDB7 /* GlossyClockTests */ = {
			isa = PBXGroup;
			children = (
				40A14DA01B0745A5006FCDB7 /* GlossyClockTests.swift */,
				40A14D9E1B0745A5006FCDB7 /* Supporting Files */,
			);
			path = GlossyClockTests;
			sourceTree = "<group>";
		};
		40A14D9E1B0745A5006FCDB7 /* Supporting Files */ = {
			isa = PBXGroup;
			children = (
				40A14D9F1B0745A5006FCDB7 /* Info.plist */,
			);
			name = "Supporting Files";
			sourceTree = "<group>";
		};
		40A14DAC1B07475D006FCDB7 /* Resources */ = {
			isa = PBXGroup;
			children = (
				40A14D911B0745A5006FCDB7 /* Images.xcassets */,
				40A14D931B0745A5006FCDB7 /* MainMenu.xib */,
			);
			name = Resources;
			sourceTree = "<group>";
		};
/* End PBXGroup section */

/* Begin PBXNativeTarget section */
		40A14D891B0745A5006FCDB7 /* GlossyClock */ = {
			isa = PBXNativeTarget;
			buildConfigurationList = 40A14DA41B0745A5006FCDB7 /* Build configuration list for PBXNativeTarget "GlossyClock" */;
			buildPhases = (
				40A14D861B0745A5006FCDB7 /* Sources */,
				40A14D871B0745A5006FCDB7 /* Frameworks */,
				40A14D881B0745A5006FCDB7 /* Resources */,
				40A14DBA1B075816006FCDB7 /* Embed Frameworks */,
			);
			buildRules = (
			);
			dependencies = (
			);
			name = GlossyClock;
			productName = GlossyClock;
			productReference = 40A14D8A1B0745A5006FCDB7 /* GlossyClock.app */;
			productType = "com.apple.product-type.application";
		};
		40A14D991B0745A5006FCDB7 /* GlossyClockTests */ = {
			isa = PBXNativeTarget;
			buildConfigurationList = 40A14DA71B0745A5006FCDB7 /* Build configuration list for PBXNativeTarget "GlossyClockTests" */;
			buildPhases = (
				40A14D961B0745A5006FCDB7 /* Sources */,
				40A14D971B0745A5006FCDB7 /* Frameworks */,
				40A14D981B0745A5006FCDB7 /* Resources */,
			);
			buildRules = (
			);
			dependencies = (
				40A14D9C1B0745A5006FCDB7 /* PBXTargetDependency */,
			);
			name = GlossyClockTests;
			productName = GlossyClockTests;
			productReference = 40A14D9A1B0745A5006FCDB7 /* GlossyClockTests.xctest */;
			productType = "com.apple.product-type.bundle.unit-test";
		};
/* End PBXNativeTarget section */

/* Begin PBXProject section */
		40A14D821B0745A5006FCDB7 /* Project object */ = {
			isa = PBXProject;
			attributes = {
				LastUpgradeCheck = 0630;
				ORGANIZATIONNAME = "Mikael Hallendal";
				TargetAttributes = {
					40A14D891B0745A5006FCDB7 = {
						CreatedOnToolsVersion = 6.3.1;
					};
					40A14D991B0745A5006FCDB7 = {
						CreatedOnToolsVersion = 6.3.1;
						TestTargetID = 40A14D891B0745A5006FCDB7;
					};
				};
			};
			buildConfigurationList = 40A14D851B0745A5006FCDB7 /* Build configuration list for PBXProject "GlossyClock" */;
			compatibilityVersion = "Xcode 3.2";
			developmentRegion = English;
			hasScannedForEncodings = 0;
			knownRegions = (
				en,
				Base,
			);
			mainGroup = 40A14D811B0745A5006FCDB7;
			productRefGroup = 40A14D8B1B0745A5006FCDB7 /* Products */;
			projectDirPath = "";
			projectRoot = "";
			targets = (
				40A14D891B0745A5006FCDB7 /* GlossyClock */,
				40A14D991B0745A5006FCDB7 /* GlossyClockTests */,
			);
		};
/* End PBXProject section */

/* Begin PBXResourcesBuildPhase section */
		40A14D881B0745A5006FCDB7 /* Resources */ = {
			isa = PBXResourcesBuildPhase;
			buildActionMask = 2147483647;
			files = (
				40A14D921B0745A5006FCDB7 /* Images.xcassets in Resources */,
				40A14D951B0745A5006FCDB7 /* MainMenu.xib in Resources */,
			);
			runOnlyForDeploymentPostprocessing = 0;
		};
		40A14D981B0745A5006FCDB7 /* Resources */ = {
			isa = PBXResourcesBuildPhase;
			buildActionMask = 2147483647;
			files = (
			);
			runOnlyForDeploymentPostprocessing = 0;
		};
/* End PBXResourcesBuildPhase section */

/* Begin PBXSourcesBuildPhase section */
		40A14D861B0745A5006FCDB7 /* Sources */ = {
			isa = PBXSourcesBuildPhase;
			buildActionMask = 2147483647;
			files = (
				40A14DB01B074B00006FCDB7 /* ClockTimer.swift in Sources */,
				40A14DAB1B07473A006FCDB7 /* ClockWindow.swift in Sources */,
				40A14DAE1B0747E2006FCDB7 /* ClockView.swift in Sources */,
				40A14D901B0745A5006FCDB7 /* AppDelegate.swift in Sources */,
			);
			runOnlyForDeploymentPostprocessing = 0;
		};
		40A14D961B0745A5006FCDB7 /* Sources */ = {
			isa = PBXSourcesBuildPhase;
			buildActionMask = 2147483647;
			files = (
				40A14DA11B0745A5006FCDB7 /* GlossyClockTests.swift in Sources */,
			);
			runOnlyForDeploymentPostprocessing = 0;
		};
/* End PBXSourcesBuildPhase section */

/* Begin PBXTargetDependency section */
		40A14D9C1B0745A5006FCDB7 /* PBXTargetDependency */ = {
			isa = PBXTargetDependency;
			target = 40A14D891B0745A5006FCDB7 /* GlossyClock */;
			targetProxy = 40A14D9B1B0745A5006FCDB7 /* PBXContainerItemProxy */;
		};
/* End PBXTargetDependency section */

/* Begin PBXVariantGroup section */
		40A14D931B0745A5006FCDB7 /* MainMenu.xib */ = {
			isa = PBXVariantGroup;
			children = (
				40A14D941B0745A5006FCDB7 /* Base */,
			);
			name = MainMenu.xib;
			sourceTree = "<group>";
		};
/* End PBXVariantGroup section */

/* Begin XCBuildConfiguration section */
		40A14DA21B0745A5006FCDB7 /* Debug */ = {
			isa = XCBuildConfiguration;
			buildSettings = {
				ALWAYS_SEARCH_USER_PATHS = NO;
				CLANG_CXX_LANGUAGE_STANDARD = "gnu++0x";
				CLANG_CXX_LIBRARY = "libc++";
				CLANG_ENABLE_MODULES = YES;
				CLANG_ENABLE_OBJC_ARC = YES;
				CLANG_WARN_BOOL_CONVERSION = YES;
				CLANG_WARN_CONSTANT_CONVERSION = YES;
				CLANG_WARN_DIRECT_OBJC_ISA_USAGE = YES_ERROR;
				CLANG_WARN_EMPTY_BODY = YES;
				CLANG_WARN_ENUM_CONVERSION = YES;
				CLANG_WARN_INT_CONVERSION = YES;
				CLANG_WARN_OBJC_ROOT_CLASS = YES_ERROR;
				CLANG_WARN_UNREACHABLE_CODE = YES;
				CLANG_WARN__DUPLICATE_METHOD_MATCH = YES;
				CODE_SIGN_IDENTITY = "-";
				COPY_PHASE_STRIP = NO;
				DEBUG_INFORMATION_FORMAT = dwarf;
				ENABLE_STRICT_OBJC_MSGSEND = YES;
				GCC_C_LANGUAGE_STANDARD = gnu99;
				GCC_DYNAMIC_NO_PIC = NO;
				GCC_NO_COMMON_BLOCKS = YES;
				GCC_OPTIMIZATION_LEVEL = 0;
				GCC_PREPROCESSOR_DEFINITIONS = (
					"DEBUG=1",
					"$(inherited)",
				);
				GCC_SYMBOLS_PRIVATE_EXTERN = NO;
				GCC_WARN_64_TO_32_BIT_CONVERSION = YES;
				GCC_WARN_ABOUT_RETURN_TYPE = YES_ERROR;
				GCC_WARN_UNDECLARED_SELECTOR = YES;
				GCC_WARN_UNINITIALIZED_AUTOS = YES_AGGRESSIVE;
				GCC_WARN_UNUSED_FUNCTION = YES;
				GCC_WARN_UNUSED_VARIABLE = YES;
				MACOSX_DEPLOYMENT_TARGET = 10.10;
				MTL_ENABLE_DEBUG_INFO = YES;
				ONLY_ACTIVE_ARCH = YES;
				SDKROOT = macosx;
				SWIFT_OPTIMIZATION_LEVEL = "-Onone";
			};
			name = Debug;
		};
		40A14DA31B0745A5006FCDB7 /* Release */ = {
			isa = XCBuildConfiguration;
			buildSettings = {
				ALWAYS_SEARCH_USER_PATHS = NO;
				CLANG_CXX_LANGUAGE_STANDARD = "gnu++0x";
				CLANG_CXX_LIBRARY = "libc++";
				CLANG_ENABLE_MODULES = YES;
				CLANG_ENABLE_OBJC_ARC = YES;
				CLANG_WARN_BOOL_CONVERSION = YES;
				CLANG_WARN_CONSTANT_CONVERSION = YES;
				CLANG_WARN_DIRECT_OBJC_ISA_USAGE = YES_ERROR;
				CLANG_WARN_EMPTY_BODY = YES;
				CLANG_WARN_ENUM_CONVERSION = YES;
				CLANG_WARN_INT_CONVERSION = YES;
				CLANG_WARN_OBJC_ROOT_CLASS = YES_ERROR;
				CLANG_WARN_UNREACHABLE_CODE = YES;
				CLANG_WARN__DUPLICATE_METHOD_MATCH = YES;
				CODE_SIGN_IDENTITY = "-";
				COPY_PHASE_STRIP = NO;
				DEBUG_INFORMATION_FORMAT = "dwarf-with-dsym";
				ENABLE_NS_ASSERTIONS = NO;
				ENABLE_STRICT_OBJC_MSGSEND = YES;
				GCC_C_LANGUAGE_STANDARD = gnu99;
				GCC_NO_COMMON_BLOCKS = YES;
				GCC_WARN_64_TO_32_BIT_CONVERSION = YES;
				GCC_WARN_ABOUT_RETURN_TYPE = YES_ERROR;
				GCC_WARN_UNDECLARED_SELECTOR = YES;
				GCC_WARN_UNINITIALIZED_AUTOS = YES_AGGRESSIVE;
				GCC_WARN_UNUSED_FUNCTION = YES;
				GCC_WARN_UNUSED_VARIABLE = YES;
				MACOSX_DEPLOYMENT_TARGET = 10.10;
				MTL_ENABLE_DEBUG_INFO = NO;
				SDKROOT = macosx;
			};
			name = Release;
		};
		40A14DA51B0745A5006FCDB7 /* Debug */ = {
			isa = XCBuildConfiguration;
			buildSettings = {
				ASSETCATALOG_COMPILER_APPICON_NAME = AppIcon;
				COMBINE_HIDPI_IMAGES = YES;
				FRAMEWORK_SEARCH_PATHS = "$(inherited)";
				INFOPLIST_FILE = GlossyClock/Info.plist;
				LD_RUNPATH_SEARCH_PATHS = "$(inherited) @executable_path/../Frameworks";
				PRODUCT_NAME = "$(TARGET_NAME)";
			};
			name = Debug;
		};
		40A14DA61B0745A5006FCDB7 /* Release */ = {
			isa = XCBuildConfiguration;
			buildSettings = {
				ASSETCATALOG_COMPILER_APPICON_NAME = AppIcon;
				COMBINE_HIDPI_IMAGES = YES;
				FRAMEWORK_SEARCH_PATHS = "$(inherited)";
				INFOPLIST_FILE = GlossyClock/Info.plist;
				LD_RUNPATH_SEARCH_PATHS = "$(inherited) @executable_path/../Frameworks";
				PRODUCT_NAME = "$(TARGET_NAME)";
			};
			name = Release;
		};
		40A14DA81B0745A5006FCDB7 /* Debug */ = {
			isa = XCBuildConfiguration;
			buildSettings = {
				BUNDLE_LOADER = "$(TEST_HOST)";
				COMBINE_HIDPI_IMAGES = YES;
				FRAMEWORK_SEARCH_PATHS = (
					"$(DEVELOPER_FRAMEWORKS_DIR)",
					"$(inherited)",
				);
				GCC_PREPROCESSOR_DEFINITIONS = (
					"DEBUG=1",
					"$(inherited)",
				);
				INFOPLIST_FILE = GlossyClockTests/Info.plist;
				LD_RUNPATH_SEARCH_PATHS = "$(inherited) @executable_path/../Frameworks @loader_path/../Frameworks";
				PRODUCT_NAME = "$(TARGET_NAME)";
				TEST_HOST = "$(BUILT_PRODUCTS_DIR)/GlossyClock.app/Contents/MacOS/GlossyClock";
			};
			name = Debug;
		};
		40A14DA91B0745A5006FCDB7 /* Release */ = {
			isa = XCBuildConfiguration;
			buildSettings = {
				BUNDLE_LOADER = "$(TEST_HOST)";
				COMBINE_HIDPI_IMAGES = YES;
				FRAMEWORK_SEARCH_PATHS = (
					"$(DEVELOPER_FRAMEWORKS_DIR)",
					"$(inherited)",
				);
				INFOPLIST_FILE = GlossyClockTests/Info.plist;
				LD_RUNPATH_SEARCH_PATHS = "$(inherited) @executable_path/../Frameworks @loader_path/../Frameworks";
				PRODUCT_NAME = "$(TARGET_NAME)";
				TEST_HOST = "$(BUILT_PRODUCTS_DIR)/GlossyClock.app/Contents/MacOS/GlossyClock";
			};
			name = Release;
		};
/* End XCBuildConfiguration section */

/* Begin XCConfigurationList section */
		40A14D851B0745A5006FCDB7 /* Build configuration list for PBXProject "GlossyClock" */ = {
			isa = XCConfigurationList;
			buildConfigurations = (
				40A14DA21B0745A5006FCDB7 /* Debug */,
				40A14DA31B0745A5006FCDB7 /* Release */,
			);
			defaultConfigurationIsVisible = 0;
			defaultConfigurationName = Release;
		};
		40A14DA41B0745A5006FCDB7 /* Build configuration list for PBXNativeTarget "GlossyClock" */ = {
			isa = XCConfigurationList;
			buildConfigurations = (
				40A14DA51B0745A5006FCDB7 /* Debug */,
				40A14DA61B0745A5006FCDB7 /* Release */,
			);
			defaultConfigurationIsVisible = 0;
			defaultConfigurationName = Release;
		};
		40A14DA71B0745A5006FCDB7 /* Build configuration list for PBXNativeTarget "GlossyClockTests" */ = {
			isa = XCConfigurationList;
			buildConfigurations = (
				40A14DA81B0745A5006FCDB7 /* Debug */,
				40A14DA91B0745A5006FCDB7 /* Release */,
			);
			defaultConfigurationIsVisible = 0;
			defaultConfigurationName = Release;
		};
/* End XCConfigurationList section */
	};
	rootObject = 40A14D821B0745A5006FCDB7 /* Project object */;
}
